<Solution>
  <Folder Name="/src/dotnet/">
    <Project Path="src/dotnet/ZavaFinance.Activity/ZavaFinance.Activity.csproj" />
    <Project Path="src/dotnet/ZavaFinance.Agent/ZavaFinance.Agent.csproj" />
    <Project Path="src/dotnet/ZavaFinance.Agent/Identity/ZavaFinance.Identity.csproj" />
    <Project Path="src/dotnet/ZavaFinance.Agent/Contracts/ZavaFinance.Contracts.csproj" />
    <Project Path="src/dotnet/ZavaFinance.One/ZavaFinance.One.csproj" />
    <Project Path="src/dotnet/ZavaFinance.One.Host/ZavaFinance.One.Host.csproj" />
  </Folder>
  <Folder Name="/src/dotnet/tests/">
    <Project Path="src/dotnet/tests/ZavaFinance.Tests/ZavaFinance.Tests.csproj" />
  </Folder>
</Solution>
