{
  "version": 1,
  "dependencies": {
    "net10.0": {
      "Azure.AI.AgentServer.Activity": {
        "type": "Direct",
        "requested": "[1.0.0-beta.1.source.dc9cca2d1f1c.core28.m3651877, 1.0.0-beta.1.source.dc9cca2d1f1c.core28.m3651877]",
        "resolved": "1.0.0-beta.1.source.dc9cca2d1f1c.core28.m3651877",
        "contentHash": "qS9a1ffkh3I41t5NKOd65nLotJirXG8E5kGkdXC9wOMxZyeSDgpyl8YXYoQd88hqm/PkPfUXnnzbZ4Lb+hR0mQ==",
        "dependencies": {
          "Azure.AI.AgentServer.Core": "[1.0.0-beta.28]",
          "Azure.Core": "[1.62.0]",
          "Azure.Identity": "[1.21.0]",
          "Microsoft.Agents.Authentication.Msal": "[1.8.77]",
          "Microsoft.Agents.Connector": "[1.8.77]",
          "Microsoft.Agents.Hosting.AspNetCore": "[1.8.77]"
        }
      },
      "Azure.AI.AgentServer.Core": {
        "type": "Transitive",
        "resolved": "1.0.0-beta.28",
        "contentHash": "RVybgo7V78pA3aIqR88BSLSwzAd//rgm9ZRcJZhEKNRKkW+MnohP5j6YFfL2WsHcgB3VdVCg1SWHlydX4Hyfxg==",
        "dependencies": {
          "Azure.Core": "1.61.0",
          "Microsoft.OpenTelemetry": "1.0.0-beta.1"
        }
      },
      "Azure.AI.Extensions.OpenAI": {
        "type": "Transitive",
        "resolved": "2.0.0",
        "contentHash": "z1yUaGcNMPEm6jrV0YIa6ASIOkG3OLSDvX+PJkUkN1uv1b0pPIkUElLLppNouauxXjo/C+pW2rNNKdi784B2Pw==",
        "dependencies": {
          "Azure.Core": "1.52.0",
          "OpenAI": "2.9.1"
        }
      },
      "Azure.AI.Projects": {
        "type": "Transitive",
        "resolved": "2.0.1",
        "contentHash": "kyNrCOgh3+bFKyPweD9sT2uQkUfjM6G9i/kbic/+eETauCABM4yRF4WuKnOCLAr0a9RaCQ8gveOGlpTT0DmWyw==",
        "dependencies": {
          "Azure.AI.Extensions.OpenAI": "2.0.0",
          "Azure.AI.Projects.Agents": "2.0.0",
          "Azure.Core": "1.53.0",
          "Azure.Storage.Blobs": "12.26.0"
        }
      },
      "Azure.AI.Projects.Agents": {
        "type": "Transitive",
        "resolved": "2.0.0",
        "contentHash": "Jol7z6/IKelnimA/zA1tk5vY2HxwVMwPjp77SGcPGOnJ6gZkz7l5Q2URzXrKfL4rG14D2qK+n1uD8eVySHZ5gQ==",
        "dependencies": {
          "Azure.Core": "1.52.0",
          "OpenAI": "2.9.1"
        }
      },
      "Azure.Core": {
        "type": "Transitive",
        "resolved": "1.62.0",
        "contentHash": "C0ijs91ZW2uhF/VwGLXeayb+RwTWhDxKnrsmqPWg5HkYtPQ93mzaydyMCjAzE0AG5yHc1bpaPc+NPlZUgz3w8g==",
        "dependencies": {
          "Microsoft.Bcl.AsyncInterfaces": "10.0.10",
          "Microsoft.Identity.Client": "4.84.2",
          "Microsoft.Identity.Client.Extensions.Msal": "4.84.2",
          "System.ClientModel": "1.15.0",
          "System.Memory.Data": "10.0.10"
        }
      },
      "Azure.Identity": {
        "type": "Transitive",
        "resolved": "1.21.0",
        "contentHash": "GeFv8sGwRKvDKwI2WFy8r0mhmlxEVZg24Sit2NogTjiSO8RVjllWM65OT6e1sKjOvG8V74y7hAbaELUUPjZQSw==",
        "dependencies": {
          "Azure.Core": "1.53.0"
        }
      },
      "Azure.Monitor.OpenTelemetry.Exporter": {
        "type": "Transitive",
        "resolved": "1.8.2",
        "contentHash": "GircJChw47Joi3OAbOXs0aEoS81QxRNcg25abQbQdzIFt4qtxafRGfgXTbJb+k6rPpXCE6h/JDauRZKrKdLZlA==",
        "dependencies": {
          "Azure.Core": "1.59.0",
          "OpenTelemetry.Extensions.Hosting": "1.15.3",
          "OpenTelemetry.PersistentStorage.FileSystem": "1.0.3"
        }
      },
      "Azure.Storage.Blobs": {
        "type": "Transitive",
        "resolved": "12.29.1",
        "contentHash": "pWh7xZBto8YcwiO853AB3uijTfVqs9PDte0Bu9/Zd8O9nwKiitWm0Jej1vsNkmYUzeG1552f8vJPjmtW30pBUQ==",
        "dependencies": {
          "Azure.Core": "1.55.0",
          "Azure.Storage.Common": "12.28.0"
        }
      },
      "Azure.Storage.Common": {
        "type": "Transitive",
        "resolved": "12.28.0",
        "contentHash": "5l8YhNrks38zKLGFW2BBFLwieyamH/xauABSASsdpZv79G0f+n2n22IjkRmUqCmALSupkwRHh2LOhbW3yj5Qgw==",
        "dependencies": {
          "Azure.Core": "1.55.0",
          "System.IO.Hashing": "10.0.3"
        }
      },
      "Google.Protobuf": {
        "type": "Transitive",
        "resolved": "3.30.2",
        "contentHash": "Y2aOVLIt75yeeEWigg9V9YnjsEm53sADtLGq0gLhwaXpk3iu8tYSoauolyhenagA2sWno2TQ2WujI0HQd6s1Vw=="
      },
      "Microsoft.Agents.AI": {
        "type": "Transitive",
        "resolved": "1.21.0",
        "contentHash": "uzfyObaUtObJo1VFvV+DA0WI4T16RwPhVkbkhSFpY3gomEKizmmVeZVyuwPwJ85fANalmjrnAqb37b/SCBPFtA==",
        "dependencies": {
          "Microsoft.Agents.AI.Abstractions": "1.21.0",
          "Microsoft.Extensions.AI": "10.10.0",
          "Microsoft.Extensions.AI.Abstractions": "10.10.0",
          "Microsoft.Extensions.AI.Evaluation": "10.10.0",
          "Microsoft.Extensions.Compliance.Abstractions": "10.10.0",
          "Microsoft.Extensions.VectorData.Abstractions": "10.10.0",
          "Microsoft.ML.Tokenizers": "2.0.0"
        }
      },
      "Microsoft.Agents.AI.Abstractions": {
        "type": "Transitive",
        "resolved": "1.21.0",
        "contentHash": "ukIDpnpLml5jhv4c+kkPfyd6IxcfBp8mG2OT88noq0qqr6+gfciHZSmk7cIw7RZesWLFfBrMwfhfQJVSFP6ASg==",
        "dependencies": {
          "Microsoft.Extensions.AI.Abstractions": "10.10.0"
        }
      },
      "Microsoft.Agents.Authentication": {
        "type": "Transitive",
        "resolved": "1.8.77",
        "contentHash": "Ll18y/BrAHsvkdiyDXVD/nKFcNq4gqIIK+qKN+Dnz51akLuvhX/aym5qKBwjZ1PbkASfwVPKY+Iu1dsM8WD5aQ==",
        "dependencies": {
          "Azure.Identity": "1.21.0",
          "Microsoft.Agents.Core": "1.8.77",
          "System.Configuration.ConfigurationManager": "10.0.10",
          "System.IdentityModel.Tokens.Jwt": "8.22.0"
        }
      },
      "Microsoft.Agents.Authentication.Msal": {
        "type": "Transitive",
        "resolved": "1.8.77",
        "contentHash": "e649c3bptgF6wsNcEe5r4OTvZphUJgN8UAKCZCriBnIa50ux8tAiG0Lu3Eo7RyE95y1ZYzuZpnlm9XMGN9zpAw==",
        "dependencies": {
          "Microsoft.Agents.Authentication": "1.8.77",
          "Microsoft.Identity.Client": "4.87.0",
          "Microsoft.Identity.Web.Certificateless": "4.3.0",
          "Microsoft.IdentityModel.Abstractions": "8.22.0",
          "Microsoft.IdentityModel.LoggingExtensions": "8.22.0",
          "System.Configuration.ConfigurationManager": "10.0.10",
          "System.Runtime.Caching": "10.0.10"
        }
      },
      "Microsoft.Agents.Builder": {
        "type": "Transitive",
        "resolved": "1.8.77",
        "contentHash": "lF2N43x5UYH+usbwVySa81y9HVSwgkrLWLyDoWryFZrId+9dN6sTM7fbIPEi7yvBQh388A5Vro9GJb+33ltfWA==",
        "dependencies": {
          "Microsoft.Agents.Authentication": "1.8.77",
          "Microsoft.Agents.Connector": "1.8.77",
          "Microsoft.Agents.Core": "1.8.77",
          "Microsoft.Agents.Storage": "1.8.77",
          "Microsoft.Agents.Storage.Transcript": "1.8.77",
          "System.IdentityModel.Tokens.Jwt": "8.22.0",
          "System.Memory.Data": "10.0.10"
        }
      },
      "Microsoft.Agents.Connector": {
        "type": "Transitive",
        "resolved": "1.8.77",
        "contentHash": "S2EkP0+q9Ve7huTc2X5I2lrUBsOUeiRWtv5EP/n41Wt9jJ3zAK2tI+kwGEkaAL+Nn6vvMvgl7GtFIS6BugimIQ==",
        "dependencies": {
          "Microsoft.Agents.Authentication": "1.8.77",
          "Microsoft.Agents.Core": "1.8.77",
          "Microsoft.Bcl.Memory": "10.0.10",
          "System.IdentityModel.Tokens.Jwt": "8.22.0",
          "System.Runtime.Caching": "10.0.10"
        }
      },
      "Microsoft.Agents.CopilotStudio.Client": {
        "type": "Transitive",
        "resolved": "1.8.77",
        "contentHash": "5O/i5+MDt16lEb9Drr5srSAzNHpdZFt6c9YTUKuu5W2ebqFwF96UvkY8u4bZ5+ODod1MZBkK32Z8DSXh4QoRjg==",
        "dependencies": {
          "Microsoft.Agents.Core": "1.8.77"
        }
      },
      "Microsoft.Agents.Core": {
        "type": "Transitive",
        "resolved": "1.8.77",
        "contentHash": "YFKIAWbsreUklMFVS3RtFK1uP8bH2T+kVTM9vcF29HJ/YY0Y3bQnoOaMSvoAKz6pi3VygxTeQ39vIU77MSBt3g=="
      },
      "Microsoft.Agents.Hosting.AspNetCore": {
        "type": "Transitive",
        "resolved": "1.8.77",
        "contentHash": "DwTTzVV99dCfLj3k8azNJASFP1G8Oa0poGoHt93H7As/JewFJbNN/n7GM2OzG7n2N7MQoWuJqcrpdMvyzMf4HA==",
        "dependencies": {
          "Microsoft.Agents.Builder": "1.8.77",
          "Microsoft.AspNetCore.Authentication.JwtBearer": "8.0.29",
          "Microsoft.IdentityModel.Validators": "8.22.0",
          "System.IdentityModel.Tokens.Jwt": "8.22.0"
        }
      },
      "Microsoft.Agents.Storage": {
        "type": "Transitive",
        "resolved": "1.8.77",
        "contentHash": "JMkKHgLNtN+YkQ3oWsdgbpzAPKOY7U61CnzJLa+I8L362qjyv3ch6grrb/2YQglq81j3DrOaichAWc3Fde1fig==",
        "dependencies": {
          "Microsoft.Agents.Core": "1.8.77"
        }
      },
      "Microsoft.Agents.Storage.Transcript": {
        "type": "Transitive",
        "resolved": "1.8.77",
        "contentHash": "XdGr1AdaOEqdtFCqLb3tPJniDUUQE7goccV1JtZk48RKO/znJtCwJ4SvirfqMqvRb7C0tSULt9UVzxxA3efNAw==",
        "dependencies": {
          "Azure.Storage.Blobs": "12.29.1",
          "Microsoft.Agents.Core": "1.8.77",
          "Microsoft.Bcl.AsyncInterfaces": "10.0.10"
        }
      },
      "Microsoft.AspNetCore.Authentication.JwtBearer": {
        "type": "Transitive",
        "resolved": "8.0.29",
        "contentHash": "U9mJXthGFk2uZb8ECOKEuJXyIGxub1l5zx82dZ3q3t+8oRZsinzyDRdomL13tb+/EIT6/3HAZ6pbWQwf7enrFA==",
        "dependencies": {
          "Microsoft.IdentityModel.Protocols.OpenIdConnect": "7.7.3"
        }
      },
      "Microsoft.Bcl.AsyncInterfaces": {
        "type": "Transitive",
        "resolved": "10.0.10",
        "contentHash": "TFI6OKYE1XZz4SGuTSH70c6SBdPpFktXsoa1gCxTr3mKrhmXirnvaS0tKz+J3ZWICEAmMpEGn59nO4ICtUpQXA=="
      },
      "Microsoft.Bcl.Cryptography": {
        "type": "Transitive",
        "resolved": "10.0.2",
        "contentHash": "LG9Yll3B5aNpxv0+D47g6LiOiKBIlodhcHdQwcYzo8VeexFLGqx5ymetmA2aBRyo9cCcWsQWrFsdbsr8LvmWDw=="
      },
      "Microsoft.Bcl.Memory": {
        "type": "Transitive",
        "resolved": "10.0.10",
        "contentHash": "/PxGfVdy8P15x9TUyAyWfzR92DcRVRCMs4nMnVS6bldRaDTJJPG9ECJPlF0lbkeZdqwM5eSkOQ214YwvcimAWQ=="
      },
      "Microsoft.Data.SqlClient": {
        "type": "Transitive",
        "resolved": "6.1.4",
        "contentHash": "lQcSog5LLImg4yNEuuG6ccvdzXnCvER8Rms9Ngk9zB4Q8na4f+S7/abSoC7gnEltBg4e5xTnLAWmMLIOtLg4pg==",
        "dependencies": {
          "Azure.Core": "1.50.0",
          "Azure.Identity": "1.17.1",
          "Microsoft.Data.SqlClient.SNI.runtime": "6.0.2",
          "Microsoft.Identity.Client": "4.80.0",
          "Microsoft.IdentityModel.JsonWebTokens": "7.7.1",
          "Microsoft.IdentityModel.Protocols.OpenIdConnect": "7.7.1",
          "Microsoft.SqlServer.Server": "1.0.0",
          "System.Configuration.ConfigurationManager": "9.0.11",
          "System.IdentityModel.Tokens.Jwt": "7.7.1",
          "System.Security.Cryptography.Pkcs": "9.0.11"
        }
      },
      "Microsoft.Data.SqlClient.SNI.runtime": {
        "type": "Transitive",
        "resolved": "6.0.2",
        "contentHash": "f+pRODTWX7Y67jXO3T5S2dIPZ9qMJNySjlZT/TKmWVNWe19N8jcWmHaqHnnchaq3gxEKv1SWVY5EFzOD06l41w=="
      },
      "Microsoft.Extensions.AI": {
        "type": "Transitive",
        "resolved": "10.10.0",
        "contentHash": "XKvtDUD3KySkvA5UpS+UF67M5rcqiXjAQchTZZ26WnavVKXxwlUTVdK/Ju0tc/25+16AVUdNl8cnVVGX/tx03A==",
        "dependencies": {
          "Microsoft.Extensions.AI.Abstractions": "10.10.0",
          "System.Numerics.Tensors": "10.0.12"
        }
      },
      "Microsoft.Extensions.AI.Abstractions": {
        "type": "Transitive",
        "resolved": "10.10.0",
        "contentHash": "frBHj2ckpevA+KdDLikxv8oxGPrJiyTvaiblYp+vtVEt0q6J73XP5m2SICm86nFK6rl+L1GCKxIy4S5Lb3p2kQ=="
      },
      "Microsoft.Extensions.AI.Evaluation": {
        "type": "Transitive",
        "resolved": "10.10.0",
        "contentHash": "YXdqOSHl8X1/Vkmuu6QoV330FQ7aiYtNDqIUIiICSDd0HMx0No9D/ZWo0ocOPXd9bk00YQQfyK5HKcgRnRmQbQ==",
        "dependencies": {
          "Microsoft.Extensions.AI.Abstractions": "10.10.0"
        }
      },
      "Microsoft.Extensions.AI.OpenAI": {
        "type": "Transitive",
        "resolved": "10.5.1",
        "contentHash": "P+fDTMcZBoRrZQNQi7m3T+26FvglhnoP53p2sT5Nc8w2WQxJDH/mz957UILFT/w8uKSx5EAGLFbMduspCy/7aQ==",
        "dependencies": {
          "Microsoft.Extensions.AI.Abstractions": "10.5.1",
          "OpenAI": "2.10.0"
        }
      },
      "Microsoft.Extensions.Compliance.Abstractions": {
        "type": "Transitive",
        "resolved": "10.10.0",
        "contentHash": "Sh3ujDRJpCMNY4x+43ljCROt4qBOoWfsL8l816RPYZS1S+Tw277r5002rbB15Sh6hFcCT8mGYBO7NtpfSYrQ0Q=="
      },
      "Microsoft.Extensions.VectorData.Abstractions": {
        "type": "Transitive",
        "resolved": "10.10.0",
        "contentHash": "bZdR7QbdLLqmc9xPJIiD5U6H678xyv8eMATjQ0SmH7OZyi+/12G/nFAGCE6DNG22q76YNwkXo+V7GMyUckjjgw==",
        "dependencies": {
          "Microsoft.Extensions.AI.Abstractions": "10.10.0"
        }
      },
      "Microsoft.Identity.Client": {
        "type": "Transitive",
        "resolved": "4.89.0",
        "contentHash": "yEdTHlphNceUvaZMOB3WDEoodVkp78ZxJjw8ZmJcsaZBPl1iB1HKQujs4nTkdDLZ3AZ99Psg3RZYIBBclFKNZA==",
        "dependencies": {
          "Microsoft.IdentityModel.Abstractions": "8.14.0"
        }
      },
      "Microsoft.Identity.Client.Extensions.Msal": {
        "type": "Transitive",
        "resolved": "4.84.2",
        "contentHash": "+D98LaU3dOu/Nzs6kgbBJapMvH7iwYcAeC99XwSkpmEadsPv6rozecOl9P6m4A3RfpOuPt9e6J6TwwUUp3+M4w==",
        "dependencies": {
          "Microsoft.Identity.Client": "4.84.2",
          "System.Security.Cryptography.ProtectedData": "4.5.0"
        }
      },
      "Microsoft.Identity.Web.Certificateless": {
        "type": "Transitive",
        "resolved": "4.3.0",
        "contentHash": "y5FPBUfUWwvneJ+VD6Al7iUfkTKhxPkw8pWY3ELV77bI3nBp1vZPtH8EQtzq+sdiLQCMUVNI5gMMAMJSAaeqaQ==",
        "dependencies": {
          "Microsoft.Identity.Client": "4.79.2",
          "Microsoft.IdentityModel.JsonWebTokens": "8.15.0"
        }
      },
      "Microsoft.IdentityModel.Abstractions": {
        "type": "Transitive",
        "resolved": "8.22.0",
        "contentHash": "LU3V3owsu4vGpCg2kyL7SsQEuHwcoJ8FSNBqzLADzCf3/PcKUTcx5Plsd51DoTJMfK/WigXV/03UhaN5JXE6uQ=="
      },
      "Microsoft.IdentityModel.JsonWebTokens": {
        "type": "Transitive",
        "resolved": "8.22.0",
        "contentHash": "kv6peMLjALZLDAy2H3F77KjVRdwiscn2p/g3ui2chcbuEcAX2MpAbyDcYnJ7Vyh8jZ1aJWrniUMCDWoOgnu4NQ==",
        "dependencies": {
          "Microsoft.IdentityModel.Tokens": "8.22.0"
        }
      },
      "Microsoft.IdentityModel.Logging": {
        "type": "Transitive",
        "resolved": "8.22.0",
        "contentHash": "G9Tl0yXSlr2pkXv4EpXjO16M4q6oo9N/od+gNyOusZ8yM8LZg1H3f/QOMFuOJiV6znzY5MkAREU97JRRnqpEQw==",
        "dependencies": {
          "Microsoft.IdentityModel.Abstractions": "8.22.0"
        }
      },
      "Microsoft.IdentityModel.LoggingExtensions": {
        "type": "Transitive",
        "resolved": "8.22.0",
        "contentHash": "2z2lb8jbkEe3iNwXqVflzLPv8pUw/QJGKrcRqeUeIKwjx2o/SxLNl5/XLDeASH1oq4VnoxxKdHivKrmmog4HtQ==",
        "dependencies": {
          "Microsoft.IdentityModel.Abstractions": "8.22.0"
        }
      },
      "Microsoft.IdentityModel.Protocols": {
        "type": "Transitive",
        "resolved": "8.22.0",
        "contentHash": "q7VTnFzKHOUy1L7M6FOTD0nUboDobJIPb+Sl13bQ4O0lYtpTJ9wemcuZaDYOmT/3ZKyUUCFuFjt5UReYC2dlQA==",
        "dependencies": {
          "Microsoft.IdentityModel.Tokens": "8.22.0"
        }
      },
      "Microsoft.IdentityModel.Protocols.OpenIdConnect": {
        "type": "Transitive",
        "resolved": "8.22.0",
        "contentHash": "RAStsQi0eIj2gcA6G1lVx2H39v9eCJty9bLymx4oeLzmEISxfa6MxTaZkbsp+Plccz0Uiv8r7efiaG10i3WHkg==",
        "dependencies": {
          "Microsoft.IdentityModel.Protocols": "8.22.0",
          "System.IdentityModel.Tokens.Jwt": "8.22.0"
        }
      },
      "Microsoft.IdentityModel.Tokens": {
        "type": "Transitive",
        "resolved": "8.22.0",
        "contentHash": "i4lywKKUuVmheCUA+w/q8QNPReNI0qanHI9hhz48AFqD1ljyb8sxPL2RbXOGiPV13XdJ4kxieL9ukS7tD43LxA==",
        "dependencies": {
          "Microsoft.Bcl.Cryptography": "10.0.2",
          "Microsoft.IdentityModel.Logging": "8.22.0"
        }
      },
      "Microsoft.IdentityModel.Validators": {
        "type": "Transitive",
        "resolved": "8.22.0",
        "contentHash": "8lMJuI0r46dVa648IUAUVXRc6ioGdvGB8zD+S+9DWHrXYdK1SWae9TsMWYwWeRJEZBErwZgVlPrzxDk71VYiZA==",
        "dependencies": {
          "Microsoft.IdentityModel.Protocols": "8.22.0",
          "Microsoft.IdentityModel.Protocols.OpenIdConnect": "8.22.0",
          "Microsoft.IdentityModel.Tokens": "8.22.0",
          "System.IdentityModel.Tokens.Jwt": "8.22.0"
        }
      },
      "Microsoft.ML.Tokenizers": {
        "type": "Transitive",
        "resolved": "2.0.0",
        "contentHash": "+b8lT4cLLO/sBR2hjvE/qG6qrZG15h7/PBvnIrzTh4xDaAxdHUY6449rC+1pHzQUsBiCHZVbj+VMn+xS0sL7TA==",
        "dependencies": {
          "Google.Protobuf": "3.30.2"
        }
      },
      "Microsoft.OpenTelemetry": {
        "type": "Transitive",
        "resolved": "1.0.7",
        "contentHash": "0TkszQd8FRUJaQpIjtHM5KqsnuvclhBGT/uN47ufDGshEJaWUsplKWEn97mT8ZevfOc0q6QmBTkC7VzMo8AlYw==",
        "dependencies": {
          "Azure.Monitor.OpenTelemetry.Exporter": "1.8.2",
          "OpenTelemetry.Exporter.Console": "1.15.3",
          "OpenTelemetry.Exporter.OpenTelemetryProtocol": "1.15.3",
          "OpenTelemetry.Extensions.Hosting": "1.15.3",
          "OpenTelemetry.Instrumentation.AspNetCore": "1.15.2",
          "OpenTelemetry.Instrumentation.Http": "1.15.1",
          "OpenTelemetry.Instrumentation.SqlClient": "1.15.2"
        }
      },
      "Microsoft.SqlServer.Server": {
        "type": "Transitive",
        "resolved": "1.0.0",
        "contentHash": "N4KeF3cpcm1PUHym1RmakkzfkEv3GRMyofVv40uXsQhCQeglr2OHNcUk2WOG51AKpGO8ynGpo9M/kFXSzghwug=="
      },
      "ModelContextProtocol.Core": {
        "type": "Transitive",
        "resolved": "2.2.0",
        "contentHash": "FeBfXU6T8k+jw4afg4sfxdEX2rL/e5oKOk9ROOGztu9k47+7Bz08sdaToYt2XvMY1opNbwxYQOFMj6wH9TInhA==",
        "dependencies": {
          "Microsoft.Extensions.AI.Abstractions": "10.8.3"
        }
      },
      "OpenAI": {
        "type": "Transitive",
        "resolved": "2.10.0",
        "contentHash": "e5gAhMDcX5bFmmtR+lT6qZxJoaGb0SkIplPUUdKwcC4xerCh471hTIsrvfkou7scfZD9YQk6C06dP3NwBqHw1A==",
        "dependencies": {
          "System.ClientModel": "1.10.0"
        }
      },
      "OpenTelemetry": {
        "type": "Transitive",
        "resolved": "1.15.3",
        "contentHash": "N0i6WjPoHPbZyms1ugbDIFAJFuGlpeExJMU/+XSL0lQRUkg/D0utFkDoLXf8Z1km5B+xVZ2GyMXXiX8qdeNmPg==",
        "dependencies": {
          "OpenTelemetry.Api.ProviderBuilderExtensions": "1.15.3"
        }
      },
      "OpenTelemetry.Api": {
        "type": "Transitive",
        "resolved": "1.15.3",
        "contentHash": "fX+fkCysfPut+qCcT3bKqyX4QN9Saf4CgX8HLOHywEVD+Xr7sULtfuypITpoDysjx8R59dn/3mWhgimMH8cm/g=="
      },
      "OpenTelemetry.Api.ProviderBuilderExtensions": {
        "type": "Transitive",
        "resolved": "1.15.3",
        "contentHash": "SYn0lqYDwLMWhv/zlNGsQcl2yX++yTumanX46bmOZE/ZDOd1WjPBO2kZaZgKLEZTZk48pavIFGJ6vOvxXgWVFQ==",
        "dependencies": {
          "OpenTelemetry.Api": "1.15.3"
        }
      },
      "OpenTelemetry.Exporter.Console": {
        "type": "Transitive",
        "resolved": "1.15.3",
        "contentHash": "QBGOoPwLHDXX+hXeUpspOjsqEn4vMkLw672QN+MzVWFBzjf625DdxLxhzowS1J/dRtW93U34rRbJec+4808fkg==",
        "dependencies": {
          "OpenTelemetry": "1.15.3"
        }
      },
      "OpenTelemetry.Exporter.OpenTelemetryProtocol": {
        "type": "Transitive",
        "resolved": "1.15.3",
        "contentHash": "FEXJepcseTGbATiCkUfP7ipoFEYYfl/0UmmUwi0KxCPg9PaUA8ab2P1LGopK+/HExasJ1ZutFhZrN6WvUIR23g==",
        "dependencies": {
          "OpenTelemetry": "1.15.3"
        }
      },
      "OpenTelemetry.Extensions.Hosting": {
        "type": "Transitive",
        "resolved": "1.15.3",
        "contentHash": "u8n/W8yIlqv0BXZmvId1iVaeWXG42tGKdTkuLYg5g57Y/r9CeUNzqtrSHNdG5IoO8iPX79w3v+WsbAHgUQbfeg==",
        "dependencies": {
          "OpenTelemetry": "1.15.3"
        }
      },
      "OpenTelemetry.Instrumentation.AspNetCore": {
        "type": "Transitive",
        "resolved": "1.15.2",
        "contentHash": "2nPd7r0ug/gd6/CNFL6Rlu+RSQ9WYGSGHAYQ1ssbSqyzKJpqTunfx2I/1O0WB5k+L0cyXbG4XVZpoSoUc3M7wg==",
        "dependencies": {
          "OpenTelemetry.Api.ProviderBuilderExtensions": "[1.15.3, 2.0.0)"
        }
      },
      "OpenTelemetry.Instrumentation.Http": {
        "type": "Transitive",
        "resolved": "1.15.1",
        "contentHash": "vFO4Fj/dXkoVNGo/nhoGpO2zYQmZwr4jTID7oRGo+XlQ8LqksyZjUXQ4p39RfUvTID7IzzL8Qe71tW7CcAFymA==",
        "dependencies": {
          "OpenTelemetry.Api.ProviderBuilderExtensions": "[1.15.3, 2.0.0)"
        }
      },
      "OpenTelemetry.Instrumentation.SqlClient": {
        "type": "Transitive",
        "resolved": "1.15.2",
        "contentHash": "pRB84YJEXD121kygc6CtcF46dtLuTKIjphA2SJye32G4g2Xl3epkCrOcPCOAg4WDagCdMGa16Ge6PPVzFJZsAQ==",
        "dependencies": {
          "OpenTelemetry.Api.ProviderBuilderExtensions": "[1.15.3, 2.0.0)"
        }
      },
      "OpenTelemetry.PersistentStorage.Abstractions": {
        "type": "Transitive",
        "resolved": "1.0.3",
        "contentHash": "7nSE1uLY0KOHRssg1xQydDZJ/s9zECOzFT/gSDIp1KTxbgd1yziuMTsdBKZ/N1BbpUxfH6Pjq5OMd7lYogwReA=="
      },
      "OpenTelemetry.PersistentStorage.FileSystem": {
        "type": "Transitive",
        "resolved": "1.0.3",
        "contentHash": "3k+yCroJcGBtZIia+0LgzMlBuD0U95BzcWNEGWedusBaRAD8EmkaCPAUwaCtFbb/Mg7HywbIG2zuenANPYFJ0g==",
        "dependencies": {
          "OpenTelemetry.PersistentStorage.Abstractions": "1.0.3"
        }
      },
      "System.ClientModel": {
        "type": "Transitive",
        "resolved": "1.15.0",
        "contentHash": "y6zQLInrpX+oGL1gXM04DrUSu1O1esWxt4rD/zrujTnzIFChn/noD1OiVVpTrU8ZvglwqO2Uw038svUR3SiAOg==",
        "dependencies": {
          "System.Memory.Data": "10.0.9"
        }
      },
      "System.Configuration.ConfigurationManager": {
        "type": "Transitive",
        "resolved": "10.0.10",
        "contentHash": "64jtHt9yLYi6VHMF5AwDj6BGM/MZrygv55SXl0MOIkFsFjGwRuxV3/QgEm7NTp3TQIx+YNX4S6dNpY08fJ3+3g==",
        "dependencies": {
          "System.Security.Cryptography.ProtectedData": "10.0.10"
        }
      },
      "System.IdentityModel.Tokens.Jwt": {
        "type": "Transitive",
        "resolved": "8.22.0",
        "contentHash": "CpXGfNhLl6EgYaOC9XYsc1p7Ci9HtAy0soHJDSBNGse647al4tTq9RDr+LQsrF4Ls79Dx7VfzN34km0W4DWPow==",
        "dependencies": {
          "Microsoft.IdentityModel.JsonWebTokens": "8.22.0",
          "Microsoft.IdentityModel.Tokens": "8.22.0"
        }
      },
      "System.IO.Hashing": {
        "type": "Transitive",
        "resolved": "10.0.3",
        "contentHash": "La6ICwsdTKhVX+LKN+pvFjQRR3LhLwq3uKdi2knjLzRyPYBSydF4cjXidYxIiTcDD6XVYdsBWQEI8ZxiZ/OdIg=="
      },
      "System.Memory.Data": {
        "type": "Transitive",
        "resolved": "10.0.10",
        "contentHash": "roR+5AeOpflUxJQlqSfsZs/Bvi1uw4KBuTkIgF1e8l0RdalG4AUn84+sjJLclEfOV85gAjc8+Pp540qjDE5UIg=="
      },
      "System.Numerics.Tensors": {
        "type": "Transitive",
        "resolved": "10.0.12",
        "contentHash": "17brFrnQHV/XMMazXNqFq4GkvzWy8yzDPo5Gb8TT8zJtMFbUqDycOCyPCp9F+eMc4L75kcCKRZqaeBHMwLCL9Q=="
      },
      "System.Runtime.Caching": {
        "type": "Transitive",
        "resolved": "10.0.10",
        "contentHash": "qXPub77NXudQuVMilGBNlLkgKacwVwubIiSGsGFKQna6GbNNr2HBtQ6DyzWms3JNfPnR7/GJ+ZETFhcMrqNYaw==",
        "dependencies": {
          "System.Configuration.ConfigurationManager": "10.0.10"
        }
      },
      "System.Security.Cryptography.Pkcs": {
        "type": "Transitive",
        "resolved": "9.0.11",
        "contentHash": "YS2YqtN6fFjlTDIQI+ucjbbrEvwMn796r+VLTQRr/5Oy6g+i+m7nIou83KnJCnAcKna2I+5eVJRks6SoHSpetQ=="
      },
      "System.Security.Cryptography.ProtectedData": {
        "type": "Transitive",
        "resolved": "10.0.10",
        "contentHash": "BKt0SQgq2lq3ESE68jkeLwv95ypANrPDtkTOIFGcnhg2aRUeUUBDrQlkVDZctrg1WenVcvn5P5XZnuYI7q6rFQ=="
      },
      "zavafinance.activity": {
        "type": "Project",
        "dependencies": {
          "Microsoft.Agents.Hosting.AspNetCore": "[1.8.77, )",
          "Microsoft.IdentityModel.JsonWebTokens": "[8.22.0, )",
          "ZavaFinance.Contracts": "[1.0.0, )",
          "ZavaFinance.Identity": "[1.0.0, )"
        }
      },
      "zavafinance.agent": {
        "type": "Project",
        "dependencies": {
          "Azure.AI.AgentServer.Core": "[1.0.0-beta.28, )",
          "Azure.AI.Extensions.OpenAI": "[2.0.0, )",
          "Azure.AI.Projects": "[2.0.1, )",
          "Azure.Identity": "[1.21.0, )",
          "Microsoft.Agents.AI": "[1.21.0, )",
          "Microsoft.Agents.CopilotStudio.Client": "[1.8.77, )",
          "Microsoft.Data.SqlClient": "[6.1.4, )",
          "Microsoft.Extensions.AI.OpenAI": "[10.5.1, )",
          "Microsoft.Identity.Client": "[4.89.0, )",
          "Microsoft.IdentityModel.Protocols.OpenIdConnect": "[8.22.0, )",
          "Microsoft.OpenTelemetry": "[1.0.7, )",
          "ModelContextProtocol.Core": "[2.2.0, )",
          "System.IdentityModel.Tokens.Jwt": "[8.22.0, )",
          "ZavaFinance.Contracts": "[1.0.0, )",
          "ZavaFinance.Identity": "[1.0.0, )"
        }
      },
      "zavafinance.contracts": {
        "type": "Project"
      },
      "zavafinance.identity": {
        "type": "Project"
      },
      "zavafinance.one": {
        "type": "Project",
        "dependencies": {
          "Microsoft.Agents.Hosting.AspNetCore": "[1.8.77, )",
          "ZavaFinance.Activity": "[1.0.0, )",
          "ZavaFinance.Agent": "[1.0.0, )"
        }
      }
    },
    "net10.0/linux-x64": {
      "Microsoft.Data.SqlClient": {
        "type": "Transitive",
        "resolved": "6.1.4",
        "contentHash": "lQcSog5LLImg4yNEuuG6ccvdzXnCvER8Rms9Ngk9zB4Q8na4f+S7/abSoC7gnEltBg4e5xTnLAWmMLIOtLg4pg==",
        "dependencies": {
          "Azure.Core": "1.50.0",
          "Azure.Identity": "1.17.1",
          "Microsoft.Data.SqlClient.SNI.runtime": "6.0.2",
          "Microsoft.Identity.Client": "4.80.0",
          "Microsoft.IdentityModel.JsonWebTokens": "7.7.1",
          "Microsoft.IdentityModel.Protocols.OpenIdConnect": "7.7.1",
          "Microsoft.SqlServer.Server": "1.0.0",
          "System.Configuration.ConfigurationManager": "9.0.11",
          "System.IdentityModel.Tokens.Jwt": "7.7.1",
          "System.Security.Cryptography.Pkcs": "9.0.11"
        }
      },
      "Microsoft.Data.SqlClient.SNI.runtime": {
        "type": "Transitive",
        "resolved": "6.0.2",
        "contentHash": "f+pRODTWX7Y67jXO3T5S2dIPZ9qMJNySjlZT/TKmWVNWe19N8jcWmHaqHnnchaq3gxEKv1SWVY5EFzOD06l41w=="
      },
      "System.Runtime.Caching": {
        "type": "Transitive",
        "resolved": "10.0.10",
        "contentHash": "qXPub77NXudQuVMilGBNlLkgKacwVwubIiSGsGFKQna6GbNNr2HBtQ6DyzWms3JNfPnR7/GJ+ZETFhcMrqNYaw==",
        "dependencies": {
          "System.Configuration.ConfigurationManager": "10.0.10"
        }
      },
      "System.Security.Cryptography.Pkcs": {
        "type": "Transitive",
        "resolved": "9.0.11",
        "contentHash": "YS2YqtN6fFjlTDIQI+ucjbbrEvwMn796r+VLTQRr/5Oy6g+i+m7nIou83KnJCnAcKna2I+5eVJRks6SoHSpetQ=="
      }
    }
  }
}